
Microsoft Visual Studio Solution File, Format Version 12.00
# Visual Studio Version 17
VisualStudioVersion = 17.0.31903.59
MinimumVisualStudioVersion = 10.0.40219.1
Project("{2150E333-8FDC-42A3-9474-1A3956D46DE8}") = "src", "src", "{827E0CD3-B72D-47B6-A68D-7590B98EB39B}"
EndProject
Project("{FAE04EC0-301F-11D3-BF4B-00C04F79EFBC}") = "NexaSoft.Agro.Domain", "src\NexaSoft.Agro.Domain\NexaSoft.Agro.Domain.csproj", "{6D9D6EE9-F228-4B9A-950A-E0C71F5139EA}"
EndProject
Project("{FAE04EC0-301F-11D3-BF4B-00C04F79EFBC}") = "NexaSoft.Agro.Infrastructure", "src\NexaSoft.Agro.Infrastructure\NexaSoft.Agro.Infrastructure.csproj", "{57437ADE-B306-45D6-BA86-656CA8B7772C}"
EndProject
Project("{FAE04EC0-301F-11D3-BF4B-00C04F79EFBC}") = "NexaSoft.Agro.Application", "src\NexaSoft.Agro.Application\NexaSoft.Agro.Application.csproj", "{2BF16A4E-79C0-4766-8ADC-8AA86FDD117B}"
EndProject
Project("{FAE04EC0-301F-11D3-BF4B-00C04F79EFBC}") = "NexaSoft.Agro.Api", "src\NexaSoft.Agro.Api\NexaSoft.Agro.Api.csproj", "{2168736C-31B1-4A45-B142-270F7C0AD6D3}"
EndProject
Project("{2150E333-8FDC-42A3-9474-1A3956D46DE8}") = "test", "test", "{0C88DD14-F956-CE84-757C-A364CCF449FC}"
EndProject
Project("{FAE04EC0-301F-11D3-BF4B-00C04F79EFBC}") = "Nexasoft.Agro.Application.Tests", "test\Nexasoft.Agro.Application.Tests\Nexasoft.Agro.Application.Tests.csproj", "{F52895EE-9A0E-46AC-ACC2-8935E614E5AA}"
EndProject
Project("{FAE04EC0-301F-11D3-BF4B-00C04F79EFBC}") = "Nexasoft.Agro.Domain.Test", "test\Nexasoft.Agro.Domain.Test\Nexasoft.Agro.Domain.Test.csproj", "{704271C7-B231-4B0B-B3EE-91EF64292AE7}"
EndProject
Global
	GlobalSection(SolutionConfigurationPlatforms) = preSolution
		Debug|Any CPU = Debug|Any CPU
		Release|Any CPU = Release|Any CPU
	EndGlobalSection
	GlobalSection(ProjectConfigurationPlatforms) = postSolution
		{6D9D6EE9-F228-4B9A-950A-E0C71F5139EA}.Debug|Any CPU.ActiveCfg = Debug|Any CPU
		{6D9D6EE9-F228-4B9A-950A-E0C71F5139EA}.Debug|Any CPU.Build.0 = Debug|Any CPU
		{6D9D6EE9-F228-4B9A-950A-E0C71F5139EA}.Release|Any CPU.ActiveCfg = Release|Any CPU
		{6D9D6EE9-F228-4B9A-950A-E0C71F5139EA}.Release|Any CPU.Build.0 = Release|Any CPU
		{57437ADE-B306-45D6-BA86-656CA8B7772C}.Debug|Any CPU.ActiveCfg = Debug|Any CPU
		{57437ADE-B306-45D6-BA86-656CA8B7772C}.Debug|Any CPU.Build.0 = Debug|Any CPU
		{57437ADE-B306-45D6-BA86-656CA8B7772C}.Release|Any CPU.ActiveCfg = Release|Any CPU
		{57437ADE-B306-45D6-BA86-656CA8B7772C}.Release|Any CPU.Build.0 = Release|Any CPU
		{2BF16A4E-79C0-4766-8ADC-8AA86FDD117B}.Debug|Any CPU.ActiveCfg = Debug|Any CPU
		{2BF16A4E-79C0-4766-8ADC-8AA86FDD117B}.Debug|Any CPU.Build.0 = Debug|Any CPU
		{2BF16A4E-79C0-4766-8ADC-8AA86FDD117B}.Release|Any CPU.ActiveCfg = Release|Any CPU
		{2BF16A4E-79C0-4766-8ADC-8AA86FDD117B}.Release|Any CPU.Build.0 = Release|Any CPU
		{2168736C-31B1-4A45-B142-270F7C0AD6D3}.Debug|Any CPU.ActiveCfg = Debug|Any CPU
		{2168736C-31B1-4A45-B142-270F7C0AD6D3}.Debug|Any CPU.Build.0 = Debug|Any CPU
		{2168736C-31B1-4A45-B142-270F7C0AD6D3}.Release|Any CPU.ActiveCfg = Release|Any CPU
		{2168736C-31B1-4A45-B142-270F7C0AD6D3}.Release|Any CPU.Build.0 = Release|Any CPU
		{F52895EE-9A0E-46AC-ACC2-8935E614E5AA}.Debug|Any CPU.ActiveCfg = Debug|Any CPU
		{F52895EE-9A0E-46AC-ACC2-8935E614E5AA}.Debug|Any CPU.Build.0 = Debug|Any CPU
		{F52895EE-9A0E-46AC-ACC2-8935E614E5AA}.Release|Any CPU.ActiveCfg = Release|Any CPU
		{F52895EE-9A0E-46AC-ACC2-8935E614E5AA}.Release|Any CPU.Build.0 = Release|Any CPU
		{704271C7-B231-4B0B-B3EE-91EF64292AE7}.Debug|Any CPU.ActiveCfg = Debug|Any CPU
		{704271C7-B231-4B0B-B3EE-91EF64292AE7}.Debug|Any CPU.Build.0 = Debug|Any CPU
		{704271C7-B231-4B0B-B3EE-91EF64292AE7}.Release|Any CPU.ActiveCfg = Release|Any CPU
		{704271C7-B231-4B0B-B3EE-91EF64292AE7}.Release|Any CPU.Build.0 = Release|Any CPU
	EndGlobalSection
	GlobalSection(SolutionProperties) = preSolution
		HideSolutionNode = FALSE
	EndGlobalSection
	GlobalSection(NestedProjects) = preSolution
		{6D9D6EE9-F228-4B9A-950A-E0C71F5139EA} = {827E0CD3-B72D-47B6-A68D-7590B98EB39B}
		{57437ADE-B306-45D6-BA86-656CA8B7772C} = {827E0CD3-B72D-47B6-A68D-7590B98EB39B}
		{2BF16A4E-79C0-4766-8ADC-8AA86FDD117B} = {827E0CD3-B72D-47B6-A68D-7590B98EB39B}
		{2168736C-31B1-4A45-B142-270F7C0AD6D3} = {827E0CD3-B72D-47B6-A68D-7590B98EB39B}
		{F52895EE-9A0E-46AC-ACC2-8935E614E5AA} = {0C88DD14-F956-CE84-757C-A364CCF449FC}
		{704271C7-B231-4B0B-B3EE-91EF64292AE7} = {0C88DD14-F956-CE84-757C-A364CCF449FC}
	EndGlobalSection
EndGlobal
